
Microsoft Visual Studio Solution File, Format Version 12.00
# Visual Studio Version 16
VisualStudioVersion = 16.0.31019.35
MinimumVisualStudioVersion = 10.0.40219.1
Project("{9A19103F-16F7-4668-BE54-9A1E7A4F7556}") = "Monopolio", "Monopolio\Monopolio.csproj", "{6B4A603B-8249-40E3-A4D5-09A6550081B8}"
EndProject
Project("{FAE04EC0-301F-11D3-BF4B-00C04F79EFBC}") = "ClientTest", "ClientTest\ClientTest.csproj", "{1C2269B3-BE8B-410E-9B86-F7DCE21C3C54}"
EndProject
Global
	GlobalSection(SolutionConfigurationPlatforms) = preSolution
		Debug|Any CPU = Debug|Any CPU
		Release|Any CPU = Release|Any CPU
	EndGlobalSection
	GlobalSection(ProjectConfigurationPlatforms) = postSolution
		{6B4A603B-8249-40E3-A4D5-09A6550081B8}.Debug|Any CPU.ActiveCfg = Debug|Any CPU
		{6B4A603B-8249-40E3-A4D5-09A6550081B8}.Debug|Any CPU.Build.0 = Debug|Any CPU
		{6B4A603B-8249-40E3-A4D5-09A6550081B8}.Release|Any CPU.ActiveCfg = Release|Any CPU
		{6B4A603B-8249-40E3-A4D5-09A6550081B8}.Release|Any CPU.Build.0 = Release|Any CPU
		{1C2269B3-BE8B-410E-9B86-F7DCE21C3C54}.Debug|Any CPU.ActiveCfg = Debug|Any CPU
		{1C2269B3-BE8B-410E-9B86-F7DCE21C3C54}.Debug|Any CPU.Build.0 = Debug|Any CPU
		{1C2269B3-BE8B-410E-9B86-F7DCE21C3C54}.Release|Any CPU.ActiveCfg = Release|Any CPU
		{1C2269B3-BE8B-410E-9B86-F7DCE21C3C54}.Release|Any CPU.Build.0 = Release|Any CPU
	EndGlobalSection
	GlobalSection(SolutionProperties) = preSolution
		HideSolutionNode = FALSE
	EndGlobalSection
	GlobalSection(ExtensibilityGlobals) = postSolution
		SolutionGuid = {647667CC-F998-4275-845D-27564FB5DB10}
	EndGlobalSection
EndGlobal
